
Microsoft Visual Studio Solution File, Format Version 12.00
# Visual Studio 15
VisualStudioVersion = 15.0.27428.2002
MinimumVisualStudioVersion = 10.0.40219.1
Project("{FAE04EC0-301F-11D3-BF4B-00C04F79EFBC}") = "Shuttle.Core.Data.Boilerplate", "Shuttle.Core.Data.Boilerplate\Shuttle.Core.Data.Boilerplate.csproj", "{7EA577C3-1D2B-48C7-8A96-1A8583CAED82}"
EndProject
Global
	GlobalSection(SolutionConfigurationPlatforms) = preSolution
		Debug|Any CPU = Debug|Any CPU
		Release|Any CPU = Release|Any CPU
	EndGlobalSection
	GlobalSection(ProjectConfigurationPlatforms) = postSolution
		{7EA577C3-1D2B-48C7-8A96-1A8583CAED82}.Debug|Any CPU.ActiveCfg = Debug|Any CPU
		{7EA577C3-1D2B-48C7-8A96-1A8583CAED82}.Debug|Any CPU.Build.0 = Debug|Any CPU
		{7EA577C3-1D2B-48C7-8A96-1A8583CAED82}.Release|Any CPU.ActiveCfg = Release|Any CPU
		{7EA577C3-1D2B-48C7-8A96-1A8583CAED82}.Release|Any CPU.Build.0 = Release|Any CPU
	EndGlobalSection
	GlobalSection(SolutionProperties) = preSolution
		HideSolutionNode = FALSE
	EndGlobalSection
	GlobalSection(ExtensibilityGlobals) = postSolution
		SolutionGuid = {F259AEC7-5EC9-43CA-A20B-5B8EC3660B26}
	EndGlobalSection
EndGlobal
